
Microsoft Visual Studio Solution File, Format Version 12.00
# Visual Studio 15
VisualStudioVersion = 15.0.26730.15
MinimumVisualStudioVersion = 10.0.40219.1
Project("{8BC9CEB8-8B4A-11D0-8D11-00A0C91BC942}") = "classProblem3-9", "classProblem3-9\classProblem3-9.vcxproj", "{ADE47A6F-01E5-43D6-9B8C-F684056F850F}"
EndProject
Global
	GlobalSection(SolutionConfigurationPlatforms) = preSolution
		Debug|x64 = Debug|x64
		Debug|x86 = Debug|x86
		Release|x64 = Release|x64
		Release|x86 = Release|x86
	EndGlobalSection
	GlobalSection(ProjectConfigurationPlatforms) = postSolution
		{ADE47A6F-01E5-43D6-9B8C-F684056F850F}.Debug|x64.ActiveCfg = Debug|x64
		{ADE47A6F-01E5-43D6-9B8C-F684056F850F}.Debug|x64.Build.0 = Debug|x64
		{ADE47A6F-01E5-43D6-9B8C-F684056F850F}.Debug|x86.ActiveCfg = Debug|Win32
		{ADE47A6F-01E5-43D6-9B8C-F684056F850F}.Debug|x86.Build.0 = Debug|Win32
		{ADE47A6F-01E5-43D6-9B8C-F684056F850F}.Release|x64.ActiveCfg = Release|x64
		{ADE47A6F-01E5-43D6-9B8C-F684056F850F}.Release|x64.Build.0 = Release|x64
		{ADE47A6F-01E5-43D6-9B8C-F684056F850F}.Release|x86.ActiveCfg = Release|Win32
		{ADE47A6F-01E5-43D6-9B8C-F684056F850F}.Release|x86.Build.0 = Release|Win32
	EndGlobalSection
	GlobalSection(SolutionProperties) = preSolution
		HideSolutionNode = FALSE
	EndGlobalSection
	GlobalSection(ExtensibilityGlobals) = postSolution
		SolutionGuid = {106B09F7-7784-4A9A-94B4-B9830E87454D}
	EndGlobalSection
EndGlobal
